
Microsoft Visual Studio Solution File, Format Version 12.00
# Visual Studio Version 17
VisualStudioVersion = 17.3.32804.467
MinimumVisualStudioVersion = 10.0.40219.1
Project("{FAE04EC0-301F-11D3-BF4B-00C04F79EFBC}") = "UdeCDocs", "UdeCDocs.csproj", "{B3D5E8AA-052C-4F13-8F47-4FF434C5C55C}"
EndProject
Global
	GlobalSection(SolutionConfigurationPlatforms) = preSolution
		Debug|Any CPU = Debug|Any CPU
		Release|Any CPU = Release|Any CPU
	EndGlobalSection
	GlobalSection(ProjectConfigurationPlatforms) = postSolution
		{B3D5E8AA-052C-4F13-8F47-4FF434C5C55C}.Debug|Any CPU.ActiveCfg = Debug|Any CPU
		{B3D5E8AA-052C-4F13-8F47-4FF434C5C55C}.Debug|Any CPU.Build.0 = Debug|Any CPU
		{B3D5E8AA-052C-4F13-8F47-4FF434C5C55C}.Release|Any CPU.ActiveCfg = Release|Any CPU
		{B3D5E8AA-052C-4F13-8F47-4FF434C5C55C}.Release|Any CPU.Build.0 = Release|Any CPU
	EndGlobalSection
	GlobalSection(SolutionProperties) = preSolution
		HideSolutionNode = FALSE
	EndGlobalSection
	GlobalSection(ExtensibilityGlobals) = postSolution
		SolutionGuid = {86CF155F-48D0-4395-862B-56D3E8377B28}
	EndGlobalSection
EndGlobal
